// !$*UTF8*$!
{
	archiveVersion = 1;
	classes = {
	};
	objectVersion = 46;
	objects = {

/* Begin PBXBuildFile section */
		3E1601EA154BD625001F231E /* UIViewController+Gymate.m in Sources */ = {isa = PBXBuildFile; fileRef = 3E1601E9154BD625001F231E /* UIViewController+Gymate.m */; };
		3E1601F7154BDC16001F231E /* BaseViewController.m in Sources */ = {isa = PBXBuildFile; fileRef = 3E1601F6154BDC16001F231E /* BaseViewController.m */; };
		3E1601FA154C022F001F231E /* NSStringGymateSpec.m in Sources */ = {isa = PBXBuildFile; fileRef = 3E1601F9154C022F001F231E /* NSStringGymateSpec.m */; };
		3E1601FD154C04AC001F231E /* NSString+Gymate.m in Sources */ = {isa = PBXBuildFile; fileRef = 3E1601FC154C04AC001F231E /* NSString+Gymate.m */; };
		3E1601FE154C04AC001F231E /* NSString+Gymate.m in Sources */ = {isa = PBXBuildFile; fileRef = 3E1601FC154C04AC001F231E /* NSString+Gymate.m */; };
		3E76C5EE15529E3D00379C8F /* MainView.xib in Resources */ = {isa = PBXBuildFile; fileRef = 3E76C5ED15529E3D00379C8F /* MainView.xib */; };
		3EB2D30C15538FF200ADAB1C /* MeView.xib in Resources */ = {isa = PBXBuildFile; fileRef = 3EB2D30B15538FF200ADAB1C /* MeView.xib */; };
		3EB2D3101553903900ADAB1C /* MeViewController.m in Sources */ = {isa = PBXBuildFile; fileRef = 3EB2D30F1553903900ADAB1C /* MeViewController.m */; };
		3ECBE12C155360BF00B7BD50 /* PreferencesSpec.m in Sources */ = {isa = PBXBuildFile; fileRef = 3ECBE12B155360BF00B7BD50 /* PreferencesSpec.m */; };
		3ECBE12E1553644000B7BD50 /* Preferences.m in Sources */ = {isa = PBXBuildFile; fileRef = 3EE7F47F15533E5500F589FB /* Preferences.m */; };
		3EE7F48015533E5500F589FB /* Preferences.m in Sources */ = {isa = PBXBuildFile; fileRef = 3EE7F47F15533E5500F589FB /* Preferences.m */; };
		3EE9CA091555420100C4CE43 /* Plan.m in Sources */ = {isa = PBXBuildFile; fileRef = E076E5F748184C9D86BCED49 /* Plan.m */; };
		3EE9CA0B1555422E00C4CE43 /* PlanSpec.m in Sources */ = {isa = PBXBuildFile; fileRef = E076E5F748184C9D86BCED4F /* PlanSpec.m */; };
		3EE9CA1015554F9700C4CE43 /* Workout.m in Sources */ = {isa = PBXBuildFile; fileRef = E076E5F748184C9D86BCED4C /* Workout.m */; };
		BA19A1F6155004F200D7FB4C /* TopTextfieldBG.png in Resources */ = {isa = PBXBuildFile; fileRef = BA19A1F0155004F200D7FB4C /* TopTextfieldBG.png */; };
		BA19A1F7155004F200D7FB4C /* TopTextfieldBG@2x.png in Resources */ = {isa = PBXBuildFile; fileRef = BA19A1F1155004F200D7FB4C /* TopTextfieldBG@2x.png */; };
		BA19A1F8155004F200D7FB4C /* DownTextfieldBG.png in Resources */ = {isa = PBXBuildFile; fileRef = BA19A1F2155004F200D7FB4C /* DownTextfieldBG.png */; };
		BA19A1F9155004F200D7FB4C /* DownTextfieldBG@2x.png in Resources */ = {isa = PBXBuildFile; fileRef = BA19A1F3155004F200D7FB4C /* DownTextfieldBG@2x.png */; };
		BA19A1FA155004F200D7FB4C /* UpTriangle.png in Resources */ = {isa = PBXBuildFile; fileRef = BA19A1F4155004F200D7FB4C /* UpTriangle.png */; };
		BA19A1FB155004F200D7FB4C /* UpTriangle@2x.png in Resources */ = {isa = PBXBuildFile; fileRef = BA19A1F5155004F200D7FB4C /* UpTriangle@2x.png */; };
		BA19A1FF15500A5500D7FB4C /* BG.png in Resources */ = {isa = PBXBuildFile; fileRef = BA19A1FD15500A5500D7FB4C /* BG.png */; };
		BA19A20015500A5500D7FB4C /* BG@2x.png in Resources */ = {isa = PBXBuildFile; fileRef = BA19A1FE15500A5500D7FB4C /* BG@2x.png */; };
		BA19A20C1550242100D7FB4C /* LeftTextfieldBG@2x.png in Resources */ = {isa = PBXBuildFile; fileRef = BA19A2051550242000D7FB4C /* LeftTextfieldBG@2x.png */; };
		BA19A20D1550242100D7FB4C /* RightTextfieldBG.png in Resources */ = {isa = PBXBuildFile; fileRef = BA19A2061550242000D7FB4C /* RightTextfieldBG.png */; };
		BA19A20E1550242100D7FB4C /* RightTextfieldBG@2x.png in Resources */ = {isa = PBXBuildFile; fileRef = BA19A2071550242000D7FB4C /* RightTextfieldBG@2x.png */; };
		BA19A20F1550242100D7FB4C /* ShortLeftTextfieldBG.png in Resources */ = {isa = PBXBuildFile; fileRef = BA19A2081550242000D7FB4C /* ShortLeftTextfieldBG.png */; };
		BA19A2101550242100D7FB4C /* ShortLeftTextfieldBG@2x.png in Resources */ = {isa = PBXBuildFile; fileRef = BA19A2091550242000D7FB4C /* ShortLeftTextfieldBG@2x.png */; };
		BA19A2111550242100D7FB4C /* ShortRightTextfieldBG.png in Resources */ = {isa = PBXBuildFile; fileRef = BA19A20A1550242000D7FB4C /* ShortRightTextfieldBG.png */; };
		BA19A2121550242100D7FB4C /* ShortRightTextfieldBG@2x.png in Resources */ = {isa = PBXBuildFile; fileRef = BA19A20B1550242000D7FB4C /* ShortRightTextfieldBG@2x.png */; };
		BA19A2141550244300D7FB4C /* LeftTextfieldBG.png in Resources */ = {isa = PBXBuildFile; fileRef = BA19A2131550244300D7FB4C /* LeftTextfieldBG.png */; };
		BA19A21A155027B300D7FB4C /* UITextField+Gymate.m in Sources */ = {isa = PBXBuildFile; fileRef = BA19A219155027B300D7FB4C /* UITextField+Gymate.m */; };
		BA3BD0B51552385400D8E1F0 /* DateTag.png in Resources */ = {isa = PBXBuildFile; fileRef = BA3BD0B31552385400D8E1F0 /* DateTag.png */; };
		BA3BD0B61552385400D8E1F0 /* DateTag@2x.png in Resources */ = {isa = PBXBuildFile; fileRef = BA3BD0B41552385400D8E1F0 /* DateTag@2x.png */; };
		BA3BD0C61552520600D8E1F0 /* GymateTableViewCell.m in Sources */ = {isa = PBXBuildFile; fileRef = BA3BD0C51552520600D8E1F0 /* GymateTableViewCell.m */; };
		BA3BD0C81552523900D8E1F0 /* GymateTableViewCell.xib in Resources */ = {isa = PBXBuildFile; fileRef = BA3BD0C71552523900D8E1F0 /* GymateTableViewCell.xib */; };
		BA3BD0CF1552555900D8E1F0 /* RepeatIcon.png in Resources */ = {isa = PBXBuildFile; fileRef = BA3BD0C91552555900D8E1F0 /* RepeatIcon.png */; };
		BA3BD0D01552555900D8E1F0 /* RepeatIcon@2x.png in Resources */ = {isa = PBXBuildFile; fileRef = BA3BD0CA1552555900D8E1F0 /* RepeatIcon@2x.png */; };
		BA3BD0D11552555900D8E1F0 /* SetIcon.png in Resources */ = {isa = PBXBuildFile; fileRef = BA3BD0CB1552555900D8E1F0 /* SetIcon.png */; };
		BA3BD0D21552555900D8E1F0 /* SetIcon@2x.png in Resources */ = {isa = PBXBuildFile; fileRef = BA3BD0CC1552555900D8E1F0 /* SetIcon@2x.png */; };
		BA3BD0D31552555900D8E1F0 /* WeightIcon.png in Resources */ = {isa = PBXBuildFile; fileRef = BA3BD0CD1552555900D8E1F0 /* WeightIcon.png */; };
		BA3BD0D41552555900D8E1F0 /* WeightIcon@2x.png in Resources */ = {isa = PBXBuildFile; fileRef = BA3BD0CE1552555900D8E1F0 /* WeightIcon@2x.png */; };
		BA6A05AA1532B5840007E136 /* Parse.framework in Frameworks */ = {isa = PBXBuildFile; fileRef = BA6A05A91532B5840007E136 /* Parse.framework */; };
		BA6A05AF1532B5A30007E136 /* LoginView.xib in Resources */ = {isa = PBXBuildFile; fileRef = BA6A05AE1532B5A30007E136 /* LoginView.xib */; };
		BA6A05B31532B5BF0007E136 /* LoginViewController.m in Sources */ = {isa = PBXBuildFile; fileRef = BA6A05B21532B5BF0007E136 /* LoginViewController.m */; };
		BA6A05B51532B61C0007E136 /* SignupView.xib in Resources */ = {isa = PBXBuildFile; fileRef = BA6A05B41532B61C0007E136 /* SignupView.xib */; };
		BA6A05B81532B8520007E136 /* SignupViewController.m in Sources */ = {isa = PBXBuildFile; fileRef = BA6A05B71532B8520007E136 /* SignupViewController.m */; };
		BA6A05BC1532C84D0007E136 /* (null) in Sources */ = {isa = PBXBuildFile; };
		BA6A0B6C1532A3260010E596 /* UIKit.framework in Frameworks */ = {isa = PBXBuildFile; fileRef = BA6A0B6B1532A3260010E596 /* UIKit.framework */; };
		BA6A0B6E1532A3260010E596 /* Foundation.framework in Frameworks */ = {isa = PBXBuildFile; fileRef = BA6A0B6D1532A3260010E596 /* Foundation.framework */; };
		BA6A0B701532A3260010E596 /* CoreGraphics.framework in Frameworks */ = {isa = PBXBuildFile; fileRef = BA6A0B6F1532A3260010E596 /* CoreGraphics.framework */; };
		BA6A0B761532A3260010E596 /* InfoPlist.strings in Resources */ = {isa = PBXBuildFile; fileRef = BA6A0B741532A3260010E596 /* InfoPlist.strings */; };
		BA6A0B781532A3260010E596 /* main.m in Sources */ = {isa = PBXBuildFile; fileRef = BA6A0B771532A3260010E596 /* main.m */; };
		BA6A0B7C1532A3260010E596 /* AppDelegate.m in Sources */ = {isa = PBXBuildFile; fileRef = BA6A0B7B1532A3260010E596 /* AppDelegate.m */; };
		BA6A0B8F1532B1D80010E596 /* AudioToolbox.framework in Frameworks */ = {isa = PBXBuildFile; fileRef = BA6A0B8E1532B1D80010E596 /* AudioToolbox.framework */; };
		BA6A0B911532B1E00010E596 /* CFNetwork.framework in Frameworks */ = {isa = PBXBuildFile; fileRef = BA6A0B901532B1E00010E596 /* CFNetwork.framework */; };
		BA6A0B931532B1F60010E596 /* SystemConfiguration.framework in Frameworks */ = {isa = PBXBuildFile; fileRef = BA6A0B921532B1F60010E596 /* SystemConfiguration.framework */; };
		BA6A0B951532B2110010E596 /* MobileCoreServices.framework in Frameworks */ = {isa = PBXBuildFile; fileRef = BA6A0B941532B2110010E596 /* MobileCoreServices.framework */; };
		BA6A0B971532B22A0010E596 /* libz.1.1.3.dylib in Frameworks */ = {isa = PBXBuildFile; fileRef = BA6A0B961532B22A0010E596 /* libz.1.1.3.dylib */; };
		BA6A0B991532B2340010E596 /* Security.framework in Frameworks */ = {isa = PBXBuildFile; fileRef = BA6A0B981532B2340010E596 /* Security.framework */; };
		BA6A0B9B1532B2700010E596 /* QuartzCore.framework in Frameworks */ = {isa = PBXBuildFile; fileRef = BA6A0B9A1532B2700010E596 /* QuartzCore.framework */; };
		BA6A6CD91538363C00ED9261 /* UserSpec.m in Sources */ = {isa = PBXBuildFile; fileRef = BA6A6CD81538363C00ED9261 /* UserSpec.m */; };
		BA758D3C154C4B22006BED63 /* libPods.a in Frameworks */ = {isa = PBXBuildFile; fileRef = BA758D3B154C4B21006BED63 /* libPods.a */; };
		BA758D3E154C4B27006BED63 /* libPods-test.a in Frameworks */ = {isa = PBXBuildFile; fileRef = BA758D3D154C4B27006BED63 /* libPods-test.a */; };
		BA79261015515B940098F7B2 /* SVSegmentedControl.m in Sources */ = {isa = PBXBuildFile; fileRef = BA79260D15515B940098F7B2 /* SVSegmentedControl.m */; };
		BA79261115515B940098F7B2 /* SVSegmentedThumb.m in Sources */ = {isa = PBXBuildFile; fileRef = BA79260F15515B940098F7B2 /* SVSegmentedThumb.m */; };
		BA79262F155230CF0098F7B2 /* TodayWorkoutView.xib in Resources */ = {isa = PBXBuildFile; fileRef = BA79262E155230CF0098F7B2 /* TodayWorkoutView.xib */; };
		BA792633155231000098F7B2 /* TodayWorkoutViewController.m in Sources */ = {isa = PBXBuildFile; fileRef = BA792632155231000098F7B2 /* TodayWorkoutViewController.m */; };
		BAA0F816155805ED00A73DAA /* Avatar.png in Resources */ = {isa = PBXBuildFile; fileRef = BAA0F80E155805ED00A73DAA /* Avatar.png */; };
		BAA0F817155805ED00A73DAA /* Avatar@2x.png in Resources */ = {isa = PBXBuildFile; fileRef = BAA0F80F155805ED00A73DAA /* Avatar@2x.png */; };
		BAA0F818155805ED00A73DAA /* ButtonOrange.png in Resources */ = {isa = PBXBuildFile; fileRef = BAA0F810155805ED00A73DAA /* ButtonOrange.png */; };
		BAA0F819155805ED00A73DAA /* ButtonOrange@2x.png in Resources */ = {isa = PBXBuildFile; fileRef = BAA0F811155805ED00A73DAA /* ButtonOrange@2x.png */; };
		BAA0F81A155805ED00A73DAA /* SettingsIcon.png in Resources */ = {isa = PBXBuildFile; fileRef = BAA0F812155805ED00A73DAA /* SettingsIcon.png */; };
		BAA0F81B155805ED00A73DAA /* SettingsIcon@2x.png in Resources */ = {isa = PBXBuildFile; fileRef = BAA0F813155805ED00A73DAA /* SettingsIcon@2x.png */; };
		BAA0F81C155805ED00A73DAA /* WhiteBoxBG.png in Resources */ = {isa = PBXBuildFile; fileRef = BAA0F814155805ED00A73DAA /* WhiteBoxBG.png */; };
		BAA0F81D155805ED00A73DAA /* WhiteBoxBG@2x.png in Resources */ = {isa = PBXBuildFile; fileRef = BAA0F815155805ED00A73DAA /* WhiteBoxBG@2x.png */; };
		BABAA3DD154ECA6C00ABC508 /* LoginBG.png in Resources */ = {isa = PBXBuildFile; fileRef = BABAA3D8154ECA6C00ABC508 /* LoginBG.png */; };
		BABAA3DE154ECA6C00ABC508 /* LoginBG@2x.png in Resources */ = {isa = PBXBuildFile; fileRef = BABAA3D9154ECA6C00ABC508 /* LoginBG@2x.png */; };
		BABAA3DF154ECA6C00ABC508 /* LoginButton@2x.png in Resources */ = {isa = PBXBuildFile; fileRef = BABAA3DA154ECA6C00ABC508 /* LoginButton@2x.png */; };
		BABAA3E0154ECA6C00ABC508 /* Logo@2x.png in Resources */ = {isa = PBXBuildFile; fileRef = BABAA3DB154ECA6C00ABC508 /* Logo@2x.png */; };
		BABAA3E1154ECA6C00ABC508 /* NewHereButton@2x.png in Resources */ = {isa = PBXBuildFile; fileRef = BABAA3DC154ECA6C00ABC508 /* NewHereButton@2x.png */; };
		BABAA3E3154ECA9F00ABC508 /* NewHereButton.png in Resources */ = {isa = PBXBuildFile; fileRef = BABAA3E2154ECA9F00ABC508 /* NewHereButton.png */; };
		BABAA3E6154ECAC200ABC508 /* LoginButton.png in Resources */ = {isa = PBXBuildFile; fileRef = BABAA3E4154ECAC200ABC508 /* LoginButton.png */; };
		BABAA3E7154ECAC200ABC508 /* Logo.png in Resources */ = {isa = PBXBuildFile; fileRef = BABAA3E5154ECAC200ABC508 /* Logo.png */; };
		BABAA3E9154ED1EF00ABC508 /* AppIcon.png in Resources */ = {isa = PBXBuildFile; fileRef = BABAA3E8154ED1EF00ABC508 /* AppIcon.png */; };
		BAE5503315383D32007421DE /* Parse.framework in Frameworks */ = {isa = PBXBuildFile; fileRef = BA6A05A91532B5840007E136 /* Parse.framework */; };
		BAE5503415383D5E007421DE /* QuartzCore.framework in Frameworks */ = {isa = PBXBuildFile; fileRef = BA6A0B9A1532B2700010E596 /* QuartzCore.framework */; };
		BAE5503515383D61007421DE /* Security.framework in Frameworks */ = {isa = PBXBuildFile; fileRef = BA6A0B981532B2340010E596 /* Security.framework */; };
		BAE5503615383D63007421DE /* libz.1.1.3.dylib in Frameworks */ = {isa = PBXBuildFile; fileRef = BA6A0B961532B22A0010E596 /* libz.1.1.3.dylib */; };
		BAE5503715383D65007421DE /* MobileCoreServices.framework in Frameworks */ = {isa = PBXBuildFile; fileRef = BA6A0B941532B2110010E596 /* MobileCoreServices.framework */; };
		BAE5503815383D67007421DE /* SystemConfiguration.framework in Frameworks */ = {isa = PBXBuildFile; fileRef = BA6A0B921532B1F60010E596 /* SystemConfiguration.framework */; };
		BAE5503915383D69007421DE /* CFNetwork.framework in Frameworks */ = {isa = PBXBuildFile; fileRef = BA6A0B901532B1E00010E596 /* CFNetwork.framework */; };
		BAE5503A15383D6B007421DE /* AudioToolbox.framework in Frameworks */ = {isa = PBXBuildFile; fileRef = BA6A0B8E1532B1D80010E596 /* AudioToolbox.framework */; };
		BAE5503B15383D70007421DE /* CoreGraphics.framework in Frameworks */ = {isa = PBXBuildFile; fileRef = BA6A0B6F1532A3260010E596 /* CoreGraphics.framework */; };
		BAE5503C15383D85007421DE /* (null) in Sources */ = {isa = PBXBuildFile; };
		BAE55050153851B0007421DE /* Fixture.m in Sources */ = {isa = PBXBuildFile; fileRef = BAE5504F153851B0007421DE /* Fixture.m */; };
		BAE55053153851BE007421DE /* UserFixture.m in Sources */ = {isa = PBXBuildFile; fileRef = BAE55052153851BE007421DE /* UserFixture.m */; };
		BAF72F821538320C004469EC /* UIKit.framework in Frameworks */ = {isa = PBXBuildFile; fileRef = BA6A0B6B1532A3260010E596 /* UIKit.framework */; };
		BAF72F831538320C004469EC /* Foundation.framework in Frameworks */ = {isa = PBXBuildFile; fileRef = BA6A0B6D1532A3260010E596 /* Foundation.framework */; };
		BAF72F891538320C004469EC /* InfoPlist.strings in Resources */ = {isa = PBXBuildFile; fileRef = BAF72F871538320C004469EC /* InfoPlist.strings */; };
		E076E5F748184C9D86BCED4A /* Plan.m in Sources */ = {isa = PBXBuildFile; fileRef = E076E5F748184C9D86BCED49 /* Plan.m */; };
		E076E5F748184C9D86BCED4D /* Workout.m in Sources */ = {isa = PBXBuildFile; fileRef = E076E5F748184C9D86BCED4C /* Workout.m */; };
		E076E5F748184C9D86BCED52 /* BaseObject.m in Sources */ = {isa = PBXBuildFile; fileRef = E076E5F748184C9D86BCED51 /* BaseObject.m */; };
		E076E5F748184C9D86BCED53 /* BaseObject.m in Sources */ = {isa = PBXBuildFile; fileRef = E076E5F748184C9D86BCED51 /* BaseObject.m */; };
		E076E5F748184C9D86BCED56 /* PlanWorkout.m in Sources */ = {isa = PBXBuildFile; fileRef = E076E5F748184C9D86BCED55 /* PlanWorkout.m */; };
		E076E5F748184C9D86BCED57 /* PlanWorkout.m in Sources */ = {isa = PBXBuildFile; fileRef = E076E5F748184C9D86BCED55 /* PlanWorkout.m */; };
		E076E5F748184C9D86BCED5A /* Profile.m in Sources */ = {isa = PBXBuildFile; fileRef = E076E5F748184C9D86BCED59 /* Profile.m */; };
		E076E5F748184C9D86BCED5B /* Profile.m in Sources */ = {isa = PBXBuildFile; fileRef = E076E5F748184C9D86BCED59 /* Profile.m */; };
		E076E5F748184C9D86BCED5E /* (null) in Sources */ = {isa = PBXBuildFile; };
		E076E5F748184C9D86BCED61 /* User.m in Sources */ = {isa = PBXBuildFile; fileRef = E076E5F748184C9D86BCED60 /* User.m */; };
		E076E5F748184C9D86BCED62 /* User.m in Sources */ = {isa = PBXBuildFile; fileRef = E076E5F748184C9D86BCED60 /* User.m */; };
		E076E5F748184C9D86BCED65 /* BaseFixture.m in Sources */ = {isa = PBXBuildFile; fileRef = E076E5F748184C9D86BCED64 /* BaseFixture.m */; };
		E076E5F748184C9D86BCED66 /* BaseFixture.m in Sources */ = {isa = PBXBuildFile; fileRef = E076E5F748184C9D86BCED64 /* BaseFixture.m */; };
		E076E5F748184C9D86BCED69 /* ProfileFixture.m in Sources */ = {isa = PBXBuildFile; fileRef = E076E5F748184C9D86BCED68 /* ProfileFixture.m */; };
		E076E5F748184C9D86BCED6A /* ProfileFixture.m in Sources */ = {isa = PBXBuildFile; fileRef = E076E5F748184C9D86BCED68 /* ProfileFixture.m */; };
		E076E5F748184C9D86BCED6D /* SecurityHelper.m in Sources */ = {isa = PBXBuildFile; };
		E076E5F748184C9D86BCED6E /* SecurityHelper.m in Sources */ = {isa = PBXBuildFile; };
/* End PBXBuildFile section */

/* Begin PBXFileReference section */
		3E1601E8154BD597001F231E /* UIViewController+Gymate.h */ = {isa = PBXFileReference; fileEncoding = 4; lastKnownFileType = sourcecode.c.h; path = "UIViewController+Gymate.h"; sourceTree = "<group>"; };
		3E1601E9154BD625001F231E /* UIViewController+Gymate.m */ = {isa = PBXFileReference; fileEncoding = 4; lastKnownFileType = sourcecode.c.objc; path = "UIViewController+Gymate.m"; sourceTree = "<group>"; };
		3E1601F5154BDC16001F231E /* BaseViewController.h */ = {isa = PBXFileReference; fileEncoding = 4; lastKnownFileType = sourcecode.c.h; path = BaseViewController.h; sourceTree = "<group>"; };
		3E1601F6154BDC16001F231E /* BaseViewController.m */ = {isa = PBXFileReference; fileEncoding = 4; lastKnownFileType = sourcecode.c.objc; path = BaseViewController.m; sourceTree = "<group>"; };
		3E1601F8154C022F001F231E /* NSStringGymateSpec.h */ = {isa = PBXFileReference; fileEncoding = 4; lastKnownFileType = sourcecode.c.h; path = NSStringGymateSpec.h; sourceTree = "<group>"; };
		3E1601F9154C022F001F231E /* NSStringGymateSpec.m */ = {isa = PBXFileReference; fileEncoding = 4; lastKnownFileType = sourcecode.c.objc; path = NSStringGymateSpec.m; sourceTree = "<group>"; };
		3E1601FB154C04AC001F231E /* NSString+Gymate.h */ = {isa = PBXFileReference; fileEncoding = 4; lastKnownFileType = sourcecode.c.h; path = "NSString+Gymate.h"; sourceTree = "<group>"; };
		3E1601FC154C04AC001F231E /* NSString+Gymate.m */ = {isa = PBXFileReference; fileEncoding = 4; lastKnownFileType = sourcecode.c.objc; path = "NSString+Gymate.m"; sourceTree = "<group>"; };
		3E76C5ED15529E3D00379C8F /* MainView.xib */ = {isa = PBXFileReference; fileEncoding = 4; lastKnownFileType = file.xib; path = MainView.xib; sourceTree = "<group>"; };
		3EB2D30B15538FF200ADAB1C /* MeView.xib */ = {isa = PBXFileReference; fileEncoding = 4; lastKnownFileType = file.xib; path = MeView.xib; sourceTree = "<group>"; };
		3EB2D30E1553903900ADAB1C /* MeViewController.h */ = {isa = PBXFileReference; fileEncoding = 4; lastKnownFileType = sourcecode.c.h; path = MeViewController.h; sourceTree = "<group>"; };
		3EB2D30F1553903900ADAB1C /* MeViewController.m */ = {isa = PBXFileReference; fileEncoding = 4; lastKnownFileType = sourcecode.c.objc; path = MeViewController.m; sourceTree = "<group>"; };
		3ECBE12A155360BF00B7BD50 /* PreferencesSpec.h */ = {isa = PBXFileReference; fileEncoding = 4; lastKnownFileType = sourcecode.c.h; path = PreferencesSpec.h; sourceTree = "<group>"; };
		3ECBE12B155360BF00B7BD50 /* PreferencesSpec.m */ = {isa = PBXFileReference; fileEncoding = 4; lastKnownFileType = sourcecode.c.objc; path = PreferencesSpec.m; sourceTree = "<group>"; };
		3EE7F47E15533E5500F589FB /* Preferences.h */ = {isa = PBXFileReference; fileEncoding = 4; lastKnownFileType = sourcecode.c.h; path = Preferences.h; sourceTree = "<group>"; };
		3EE7F47F15533E5500F589FB /* Preferences.m */ = {isa = PBXFileReference; fileEncoding = 4; lastKnownFileType = sourcecode.c.objc; path = Preferences.m; sourceTree = "<group>"; };
		BA19A1F0155004F200D7FB4C /* TopTextfieldBG.png */ = {isa = PBXFileReference; lastKnownFileType = image.png; path = TopTextfieldBG.png; sourceTree = "<group>"; };
		BA19A1F1155004F200D7FB4C /* TopTextfieldBG@2x.png */ = {isa = PBXFileReference; lastKnownFileType = image.png; path = "TopTextfieldBG@2x.png"; sourceTree = "<group>"; };
		BA19A1F2155004F200D7FB4C /* DownTextfieldBG.png */ = {isa = PBXFileReference; lastKnownFileType = image.png; path = DownTextfieldBG.png; sourceTree = "<group>"; };
		BA19A1F3155004F200D7FB4C /* DownTextfieldBG@2x.png */ = {isa = PBXFileReference; lastKnownFileType = image.png; path = "DownTextfieldBG@2x.png"; sourceTree = "<group>"; };
		BA19A1F4155004F200D7FB4C /* UpTriangle.png */ = {isa = PBXFileReference; lastKnownFileType = image.png; path = UpTriangle.png; sourceTree = "<group>"; };
		BA19A1F5155004F200D7FB4C /* UpTriangle@2x.png */ = {isa = PBXFileReference; lastKnownFileType = image.png; path = "UpTriangle@2x.png"; sourceTree = "<group>"; };
		BA19A1FD15500A5500D7FB4C /* BG.png */ = {isa = PBXFileReference; lastKnownFileType = image.png; path = BG.png; sourceTree = "<group>"; };
		BA19A1FE15500A5500D7FB4C /* BG@2x.png */ = {isa = PBXFileReference; lastKnownFileType = image.png; path = "BG@2x.png"; sourceTree = "<group>"; };
		BA19A2051550242000D7FB4C /* LeftTextfieldBG@2x.png */ = {isa = PBXFileReference; lastKnownFileType = image.png; path = "LeftTextfieldBG@2x.png"; sourceTree = "<group>"; };
		BA19A2061550242000D7FB4C /* RightTextfieldBG.png */ = {isa = PBXFileReference; lastKnownFileType = image.png; path = RightTextfieldBG.png; sourceTree = "<group>"; };
		BA19A2071550242000D7FB4C /* RightTextfieldBG@2x.png */ = {isa = PBXFileReference; lastKnownFileType = image.png; path = "RightTextfieldBG@2x.png"; sourceTree = "<group>"; };
		BA19A2081550242000D7FB4C /* ShortLeftTextfieldBG.png */ = {isa = PBXFileReference; lastKnownFileType = image.png; path = ShortLeftTextfieldBG.png; sourceTree = "<group>"; };
		BA19A2091550242000D7FB4C /* ShortLeftTextfieldBG@2x.png */ = {isa = PBXFileReference; lastKnownFileType = image.png; path = "ShortLeftTextfieldBG@2x.png"; sourceTree = "<group>"; };
		BA19A20A1550242000D7FB4C /* ShortRightTextfieldBG.png */ = {isa = PBXFileReference; lastKnownFileType = image.png; path = ShortRightTextfieldBG.png; sourceTree = "<group>"; };
		BA19A20B1550242000D7FB4C /* ShortRightTextfieldBG@2x.png */ = {isa = PBXFileReference; lastKnownFileType = image.png; path = "ShortRightTextfieldBG@2x.png"; sourceTree = "<group>"; };
		BA19A2131550244300D7FB4C /* LeftTextfieldBG.png */ = {isa = PBXFileReference; lastKnownFileType = image.png; path = LeftTextfieldBG.png; sourceTree = "<group>"; };
		BA19A218155027B300D7FB4C /* UITextField+Gymate.h */ = {isa = PBXFileReference; fileEncoding = 4; lastKnownFileType = sourcecode.c.h; path = "UITextField+Gymate.h"; sourceTree = "<group>"; };
		BA19A219155027B300D7FB4C /* UITextField+Gymate.m */ = {isa = PBXFileReference; fileEncoding = 4; lastKnownFileType = sourcecode.c.objc; path = "UITextField+Gymate.m"; sourceTree = "<group>"; };
		BA3BD0B31552385400D8E1F0 /* DateTag.png */ = {isa = PBXFileReference; lastKnownFileType = image.png; path = DateTag.png; sourceTree = "<group>"; };
		BA3BD0B41552385400D8E1F0 /* DateTag@2x.png */ = {isa = PBXFileReference; lastKnownFileType = image.png; path = "DateTag@2x.png"; sourceTree = "<group>"; };
		BA3BD0C41552520600D8E1F0 /* GymateTableViewCell.h */ = {isa = PBXFileReference; fileEncoding = 4; lastKnownFileType = sourcecode.c.h; path = GymateTableViewCell.h; sourceTree = "<group>"; };
		BA3BD0C51552520600D8E1F0 /* GymateTableViewCell.m */ = {isa = PBXFileReference; fileEncoding = 4; lastKnownFileType = sourcecode.c.objc; path = GymateTableViewCell.m; sourceTree = "<group>"; };
		BA3BD0C71552523900D8E1F0 /* GymateTableViewCell.xib */ = {isa = PBXFileReference; fileEncoding = 4; lastKnownFileType = file.xib; path = GymateTableViewCell.xib; sourceTree = "<group>"; };
		BA3BD0C91552555900D8E1F0 /* RepeatIcon.png */ = {isa = PBXFileReference; lastKnownFileType = image.png; path = RepeatIcon.png; sourceTree = "<group>"; };
		BA3BD0CA1552555900D8E1F0 /* RepeatIcon@2x.png */ = {isa = PBXFileReference; lastKnownFileType = image.png; path = "RepeatIcon@2x.png"; sourceTree = "<group>"; };
		BA3BD0CB1552555900D8E1F0 /* SetIcon.png */ = {isa = PBXFileReference; lastKnownFileType = image.png; path = SetIcon.png; sourceTree = "<group>"; };
		BA3BD0CC1552555900D8E1F0 /* SetIcon@2x.png */ = {isa = PBXFileReference; lastKnownFileType = image.png; path = "SetIcon@2x.png"; sourceTree = "<group>"; };
		BA3BD0CD1552555900D8E1F0 /* WeightIcon.png */ = {isa = PBXFileReference; lastKnownFileType = image.png; path = WeightIcon.png; sourceTree = "<group>"; };
		BA3BD0CE1552555900D8E1F0 /* WeightIcon@2x.png */ = {isa = PBXFileReference; lastKnownFileType = image.png; path = "WeightIcon@2x.png"; sourceTree = "<group>"; };
		BA6A05A91532B5840007E136 /* Parse.framework */ = {isa = PBXFileReference; lastKnownFileType = wrapper.framework; name = Parse.framework; path = gymate/lib/Parse.framework; sourceTree = "<group>"; };
		BA6A05AE1532B5A30007E136 /* LoginView.xib */ = {isa = PBXFileReference; fileEncoding = 4; lastKnownFileType = file.xib; path = LoginView.xib; sourceTree = "<group>"; };
		BA6A05B11532B5BF0007E136 /* LoginViewController.h */ = {isa = PBXFileReference; fileEncoding = 4; lastKnownFileType = sourcecode.c.h; path = LoginViewController.h; sourceTree = "<group>"; };
		BA6A05B21532B5BF0007E136 /* LoginViewController.m */ = {isa = PBXFileReference; fileEncoding = 4; lastKnownFileType = sourcecode.c.objc; path = LoginViewController.m; sourceTree = "<group>"; };
		BA6A05B41532B61C0007E136 /* SignupView.xib */ = {isa = PBXFileReference; fileEncoding = 4; lastKnownFileType = file.xib; path = SignupView.xib; sourceTree = "<group>"; };
		BA6A05B61532B8520007E136 /* SignupViewController.h */ = {isa = PBXFileReference; fileEncoding = 4; lastKnownFileType = sourcecode.c.h; path = SignupViewController.h; sourceTree = "<group>"; };
		BA6A05B71532B8520007E136 /* SignupViewController.m */ = {isa = PBXFileReference; fileEncoding = 4; lastKnownFileType = sourcecode.c.objc; path = SignupViewController.m; sourceTree = "<group>"; };
		BA6A0B671532A3260010E596 /* gymate.app */ = {isa = PBXFileReference; explicitFileType = wrapper.application; includeInIndex = 0; path = gymate.app; sourceTree = BUILT_PRODUCTS_DIR; };
		BA6A0B6B1532A3260010E596 /* UIKit.framework */ = {isa = PBXFileReference; lastKnownFileType = wrapper.framework; name = UIKit.framework; path = System/Library/Frameworks/UIKit.framework; sourceTree = SDKROOT; };
		BA6A0B6D1532A3260010E596 /* Foundation.framework */ = {isa = PBXFileReference; lastKnownFileType = wrapper.framework; name = Foundation.framework; path = System/Library/Frameworks/Foundation.framework; sourceTree = SDKROOT; };
		BA6A0B6F1532A3260010E596 /* CoreGraphics.framework */ = {isa = PBXFileReference; lastKnownFileType = wrapper.framework; name = CoreGraphics.framework; path = System/Library/Frameworks/CoreGraphics.framework; sourceTree = SDKROOT; };
		BA6A0B731532A3260010E596 /* gymate-Info.plist */ = {isa = PBXFileReference; lastKnownFileType = text.plist.xml; path = "gymate-Info.plist"; sourceTree = "<group>"; };
		BA6A0B751532A3260010E596 /* en */ = {isa = PBXFileReference; lastKnownFileType = text.plist.strings; name = en; path = en.lproj/InfoPlist.strings; sourceTree = "<group>"; };
		BA6A0B771532A3260010E596 /* main.m */ = {isa = PBXFileReference; lastKnownFileType = sourcecode.c.objc; path = main.m; sourceTree = "<group>"; };
		BA6A0B791532A3260010E596 /* gymate-Prefix.pch */ = {isa = PBXFileReference; lastKnownFileType = sourcecode.c.h; path = "gymate-Prefix.pch"; sourceTree = "<group>"; };
		BA6A0B7A1532A3260010E596 /* AppDelegate.h */ = {isa = PBXFileReference; lastKnownFileType = sourcecode.c.h; path = AppDelegate.h; sourceTree = "<group>"; };
		BA6A0B7B1532A3260010E596 /* AppDelegate.m */ = {isa = PBXFileReference; lastKnownFileType = sourcecode.c.objc; path = AppDelegate.m; sourceTree = "<group>"; };
		BA6A0B8E1532B1D80010E596 /* AudioToolbox.framework */ = {isa = PBXFileReference; lastKnownFileType = wrapper.framework; name = AudioToolbox.framework; path = System/Library/Frameworks/AudioToolbox.framework; sourceTree = SDKROOT; };
		BA6A0B901532B1E00010E596 /* CFNetwork.framework */ = {isa = PBXFileReference; lastKnownFileType = wrapper.framework; name = CFNetwork.framework; path = System/Library/Frameworks/CFNetwork.framework; sourceTree = SDKROOT; };
		BA6A0B921532B1F60010E596 /* SystemConfiguration.framework */ = {isa = PBXFileReference; lastKnownFileType = wrapper.framework; name = SystemConfiguration.framework; path = System/Library/Frameworks/SystemConfiguration.framework; sourceTree = SDKROOT; };
		BA6A0B941532B2110010E596 /* MobileCoreServices.framework */ = {isa = PBXFileReference; lastKnownFileType = wrapper.framework; name = MobileCoreServices.framework; path = System/Library/Frameworks/MobileCoreServices.framework; sourceTree = SDKROOT; };
		BA6A0B961532B22A0010E596 /* libz.1.1.3.dylib */ = {isa = PBXFileReference; lastKnownFileType = "compiled.mach-o.dylib"; name = libz.1.1.3.dylib; path = usr/lib/libz.1.1.3.dylib; sourceTree = SDKROOT; };
		BA6A0B981532B2340010E596 /* Security.framework */ = {isa = PBXFileReference; lastKnownFileType = wrapper.framework; name = Security.framework; path = System/Library/Frameworks/Security.framework; sourceTree = SDKROOT; };
		BA6A0B9A1532B2700010E596 /* QuartzCore.framework */ = {isa = PBXFileReference; lastKnownFileType = wrapper.framework; name = QuartzCore.framework; path = System/Library/Frameworks/QuartzCore.framework; sourceTree = SDKROOT; };
		BA6A6CD71538363C00ED9261 /* UserSpec.h */ = {isa = PBXFileReference; fileEncoding = 4; lastKnownFileType = sourcecode.c.h; path = UserSpec.h; sourceTree = "<group>"; };
		BA6A6CD81538363C00ED9261 /* UserSpec.m */ = {isa = PBXFileReference; fileEncoding = 4; lastKnownFileType = sourcecode.c.objc; path = UserSpec.m; sourceTree = "<group>"; };
		BA758D3B154C4B21006BED63 /* libPods.a */ = {isa = PBXFileReference; lastKnownFileType = archive.ar; name = libPods.a; path = "Pods/build/Release-iphoneos/libPods.a"; sourceTree = "<group>"; };
		BA758D3D154C4B27006BED63 /* libPods-test.a */ = {isa = PBXFileReference; lastKnownFileType = archive.ar; name = "libPods-test.a"; path = "Pods/build/Release-iphoneos/libPods-test.a"; sourceTree = "<group>"; };
		BA758D3F154C52A3006BED63 /* Pods-test.xcconfig */ = {isa = PBXFileReference; fileEncoding = 4; lastKnownFileType = text.xcconfig; name = "Pods-test.xcconfig"; path = "Pods/Pods-test.xcconfig"; sourceTree = "<group>"; };
		BA758D40154C52A4006BED63 /* Pods.xcconfig */ = {isa = PBXFileReference; fileEncoding = 4; lastKnownFileType = text.xcconfig; name = Pods.xcconfig; path = Pods/Pods.xcconfig; sourceTree = "<group>"; };
		BA79260C15515B940098F7B2 /* SVSegmentedControl.h */ = {isa = PBXFileReference; fileEncoding = 4; lastKnownFileType = sourcecode.c.h; path = SVSegmentedControl.h; sourceTree = "<group>"; };
		BA79260D15515B940098F7B2 /* SVSegmentedControl.m */ = {isa = PBXFileReference; fileEncoding = 4; lastKnownFileType = sourcecode.c.objc; path = SVSegmentedControl.m; sourceTree = "<group>"; };
		BA79260E15515B940098F7B2 /* SVSegmentedThumb.h */ = {isa = PBXFileReference; fileEncoding = 4; lastKnownFileType = sourcecode.c.h; path = SVSegmentedThumb.h; sourceTree = "<group>"; };
		BA79260F15515B940098F7B2 /* SVSegmentedThumb.m */ = {isa = PBXFileReference; fileEncoding = 4; lastKnownFileType = sourcecode.c.objc; path = SVSegmentedThumb.m; sourceTree = "<group>"; };
		BA79262E155230CF0098F7B2 /* TodayWorkoutView.xib */ = {isa = PBXFileReference; fileEncoding = 4; lastKnownFileType = file.xib; path = TodayWorkoutView.xib; sourceTree = "<group>"; };
		BA792631155231000098F7B2 /* TodayWorkoutViewController.h */ = {isa = PBXFileReference; fileEncoding = 4; lastKnownFileType = sourcecode.c.h; path = TodayWorkoutViewController.h; sourceTree = "<group>"; };
		BA792632155231000098F7B2 /* TodayWorkoutViewController.m */ = {isa = PBXFileReference; fileEncoding = 4; lastKnownFileType = sourcecode.c.objc; path = TodayWorkoutViewController.m; sourceTree = "<group>"; };
		BAA0F80E155805ED00A73DAA /* Avatar.png */ = {isa = PBXFileReference; lastKnownFileType = image.png; path = Avatar.png; sourceTree = "<group>"; };
		BAA0F80F155805ED00A73DAA /* Avatar@2x.png */ = {isa = PBXFileReference; lastKnownFileType = image.png; path = "Avatar@2x.png"; sourceTree = "<group>"; };
		BAA0F810155805ED00A73DAA /* ButtonOrange.png */ = {isa = PBXFileReference; lastKnownFileType = image.png; path = ButtonOrange.png; sourceTree = "<group>"; };
		BAA0F811155805ED00A73DAA /* ButtonOrange@2x.png */ = {isa = PBXFileReference; lastKnownFileType = image.png; path = "ButtonOrange@2x.png"; sourceTree = "<group>"; };
		BAA0F812155805ED00A73DAA /* SettingsIcon.png */ = {isa = PBXFileReference; lastKnownFileType = image.png; path = SettingsIcon.png; sourceTree = "<group>"; };
		BAA0F813155805ED00A73DAA /* SettingsIcon@2x.png */ = {isa = PBXFileReference; lastKnownFileType = image.png; path = "SettingsIcon@2x.png"; sourceTree = "<group>"; };
		BAA0F814155805ED00A73DAA /* WhiteBoxBG.png */ = {isa = PBXFileReference; lastKnownFileType = image.png; path = WhiteBoxBG.png; sourceTree = "<group>"; };
		BAA0F815155805ED00A73DAA /* WhiteBoxBG@2x.png */ = {isa = PBXFileReference; lastKnownFileType = image.png; path = "WhiteBoxBG@2x.png"; sourceTree = "<group>"; };
		BABAA3D8154ECA6C00ABC508 /* LoginBG.png */ = {isa = PBXFileReference; lastKnownFileType = image.png; path = LoginBG.png; sourceTree = "<group>"; };
		BABAA3D9154ECA6C00ABC508 /* LoginBG@2x.png */ = {isa = PBXFileReference; lastKnownFileType = image.png; path = "LoginBG@2x.png"; sourceTree = "<group>"; };
		BABAA3DA154ECA6C00ABC508 /* LoginButton@2x.png */ = {isa = PBXFileReference; lastKnownFileType = image.png; path = "LoginButton@2x.png"; sourceTree = "<group>"; };
		BABAA3DB154ECA6C00ABC508 /* Logo@2x.png */ = {isa = PBXFileReference; lastKnownFileType = image.png; path = "Logo@2x.png"; sourceTree = "<group>"; };
		BABAA3DC154ECA6C00ABC508 /* NewHereButton@2x.png */ = {isa = PBXFileReference; lastKnownFileType = image.png; path = "NewHereButton@2x.png"; sourceTree = "<group>"; };
		BABAA3E2154ECA9F00ABC508 /* NewHereButton.png */ = {isa = PBXFileReference; lastKnownFileType = image.png; path = NewHereButton.png; sourceTree = "<group>"; };
		BABAA3E4154ECAC200ABC508 /* LoginButton.png */ = {isa = PBXFileReference; lastKnownFileType = image.png; path = LoginButton.png; sourceTree = "<group>"; };
		BABAA3E5154ECAC200ABC508 /* Logo.png */ = {isa = PBXFileReference; lastKnownFileType = image.png; path = Logo.png; sourceTree = "<group>"; };
		BABAA3E8154ED1EF00ABC508 /* AppIcon.png */ = {isa = PBXFileReference; lastKnownFileType = image.png; path = AppIcon.png; sourceTree = "<group>"; };
		BAE5504E153851B0007421DE /* Fixture.h */ = {isa = PBXFileReference; fileEncoding = 4; lastKnownFileType = sourcecode.c.h; path = Fixture.h; sourceTree = "<group>"; };
		BAE5504F153851B0007421DE /* Fixture.m */ = {isa = PBXFileReference; fileEncoding = 4; lastKnownFileType = sourcecode.c.objc; path = Fixture.m; sourceTree = "<group>"; };
		BAE55051153851BE007421DE /* UserFixture.h */ = {isa = PBXFileReference; fileEncoding = 4; lastKnownFileType = sourcecode.c.h; path = UserFixture.h; sourceTree = "<group>"; };
		BAE55052153851BE007421DE /* UserFixture.m */ = {isa = PBXFileReference; fileEncoding = 4; lastKnownFileType = sourcecode.c.objc; path = UserFixture.m; sourceTree = "<group>"; };
		BAF72F7F1538320C004469EC /* specs.octest */ = {isa = PBXFileReference; explicitFileType = wrapper.cfbundle; includeInIndex = 0; path = specs.octest; sourceTree = BUILT_PRODUCTS_DIR; };
		BAF72F861538320C004469EC /* specs-Info.plist */ = {isa = PBXFileReference; lastKnownFileType = text.plist.xml; path = "specs-Info.plist"; sourceTree = "<group>"; };
		BAF72F881538320C004469EC /* en */ = {isa = PBXFileReference; lastKnownFileType = text.plist.strings; name = en; path = en.lproj/InfoPlist.strings; sourceTree = "<group>"; };
		BAF72F8D1538320C004469EC /* specs-Prefix.pch */ = {isa = PBXFileReference; lastKnownFileType = sourcecode.c.h; path = "specs-Prefix.pch"; sourceTree = "<group>"; };
		E076E5F748184C9D86BCED48 /* Plan.h */ = {isa = PBXFileReference; fileEncoding = 4; lastKnownFileType = sourcecode.c.h; path = Plan.h; sourceTree = "<group>"; };
		E076E5F748184C9D86BCED49 /* Plan.m */ = {isa = PBXFileReference; fileEncoding = 4; lastKnownFileType = sourcecode.c.objc; path = Plan.m; sourceTree = "<group>"; };
		E076E5F748184C9D86BCED4B /* Workout.h */ = {isa = PBXFileReference; fileEncoding = 4; lastKnownFileType = sourcecode.c.h; path = Workout.h; sourceTree = "<group>"; };
		E076E5F748184C9D86BCED4C /* Workout.m */ = {isa = PBXFileReference; fileEncoding = 4; lastKnownFileType = sourcecode.c.objc; path = Workout.m; sourceTree = "<group>"; };
		E076E5F748184C9D86BCED4E /* PlanSpec.h */ = {isa = PBXFileReference; fileEncoding = 4; lastKnownFileType = sourcecode.c.h; path = PlanSpec.h; sourceTree = "<group>"; };
		E076E5F748184C9D86BCED4F /* PlanSpec.m */ = {isa = PBXFileReference; fileEncoding = 4; lastKnownFileType = sourcecode.c.objc; path = PlanSpec.m; sourceTree = "<group>"; };
		E076E5F748184C9D86BCED51 /* BaseObject.m */ = {isa = PBXFileReference; fileEncoding = 4; lastKnownFileType = sourcecode.c.objc; path = BaseObject.m; sourceTree = "<group>"; };
		E076E5F748184C9D86BCED54 /* BaseObject.h */ = {isa = PBXFileReference; fileEncoding = 4; lastKnownFileType = sourcecode.c.h; path = BaseObject.h; sourceTree = "<group>"; };
		E076E5F748184C9D86BCED55 /* PlanWorkout.m */ = {isa = PBXFileReference; fileEncoding = 4; lastKnownFileType = sourcecode.c.objc; path = PlanWorkout.m; sourceTree = "<group>"; };
		E076E5F748184C9D86BCED58 /* PlanWorkout.h */ = {isa = PBXFileReference; fileEncoding = 4; lastKnownFileType = sourcecode.c.h; path = PlanWorkout.h; sourceTree = "<group>"; };
		E076E5F748184C9D86BCED59 /* Profile.m */ = {isa = PBXFileReference; fileEncoding = 4; lastKnownFileType = sourcecode.c.objc; path = Profile.m; sourceTree = "<group>"; };
		E076E5F748184C9D86BCED5C /* Profile.h */ = {isa = PBXFileReference; fileEncoding = 4; lastKnownFileType = sourcecode.c.h; path = Profile.h; sourceTree = "<group>"; };
		E076E5F748184C9D86BCED60 /* User.m */ = {isa = PBXFileReference; fileEncoding = 4; lastKnownFileType = sourcecode.c.objc; path = User.m; sourceTree = "<group>"; };
		E076E5F748184C9D86BCED63 /* User.h */ = {isa = PBXFileReference; fileEncoding = 4; lastKnownFileType = sourcecode.c.h; path = User.h; sourceTree = "<group>"; };
		E076E5F748184C9D86BCED64 /* BaseFixture.m */ = {isa = PBXFileReference; fileEncoding = 4; lastKnownFileType = sourcecode.c.objc; path = BaseFixture.m; sourceTree = "<group>"; };
		E076E5F748184C9D86BCED67 /* BaseFixture.h */ = {isa = PBXFileReference; fileEncoding = 4; lastKnownFileType = sourcecode.c.h; path = BaseFixture.h; sourceTree = "<group>"; };
		E076E5F748184C9D86BCED68 /* ProfileFixture.m */ = {isa = PBXFileReference; fileEncoding = 4; lastKnownFileType = sourcecode.c.objc; path = ProfileFixture.m; sourceTree = "<group>"; };
		E076E5F748184C9D86BCED6B /* ProfileFixture.h */ = {isa = PBXFileReference; fileEncoding = 4; lastKnownFileType = sourcecode.c.h; path = ProfileFixture.h; sourceTree = "<group>"; };
/* End PBXFileReference section */

/* Begin PBXFrameworksBuildPhase section */
		BA6A0B641532A3260010E596 /* Frameworks */ = {
			isa = PBXFrameworksBuildPhase;
			buildActionMask = 2147483647;
			files = (
				BA758D3C154C4B22006BED63 /* libPods.a in Frameworks */,
				BA6A0B9B1532B2700010E596 /* QuartzCore.framework in Frameworks */,
				BA6A0B991532B2340010E596 /* Security.framework in Frameworks */,
				BA6A0B971532B22A0010E596 /* libz.1.1.3.dylib in Frameworks */,
				BA6A0B701532A3260010E596 /* CoreGraphics.framework in Frameworks */,
				BA6A0B951532B2110010E596 /* MobileCoreServices.framework in Frameworks */,
				BA6A0B931532B1F60010E596 /* SystemConfiguration.framework in Frameworks */,
				BA6A0B911532B1E00010E596 /* CFNetwork.framework in Frameworks */,
				BA6A0B8F1532B1D80010E596 /* AudioToolbox.framework in Frameworks */,
				BA6A0B6C1532A3260010E596 /* UIKit.framework in Frameworks */,
				BA6A0B6E1532A3260010E596 /* Foundation.framework in Frameworks */,
				BA6A05AA1532B5840007E136 /* Parse.framework in Frameworks */,
			);
			runOnlyForDeploymentPostprocessing = 0;
		};
		BAF72F7B1538320C004469EC /* Frameworks */ = {
			isa = PBXFrameworksBuildPhase;
			buildActionMask = 2147483647;
			files = (
				BA758D3E154C4B27006BED63 /* libPods-test.a in Frameworks */,
				BAF72F821538320C004469EC /* UIKit.framework in Frameworks */,
				BAF72F831538320C004469EC /* Foundation.framework in Frameworks */,
				BAE5503315383D32007421DE /* Parse.framework in Frameworks */,
				BAE5503415383D5E007421DE /* QuartzCore.framework in Frameworks */,
				BAE5503515383D61007421DE /* Security.framework in Frameworks */,
				BAE5503615383D63007421DE /* libz.1.1.3.dylib in Frameworks */,
				BAE5503715383D65007421DE /* MobileCoreServices.framework in Frameworks */,
				BAE5503815383D67007421DE /* SystemConfiguration.framework in Frameworks */,
				BAE5503915383D69007421DE /* CFNetwork.framework in Frameworks */,
				BAE5503A15383D6B007421DE /* AudioToolbox.framework in Frameworks */,
				BAE5503B15383D70007421DE /* CoreGraphics.framework in Frameworks */,
			);
			runOnlyForDeploymentPostprocessing = 0;
		};
/* End PBXFrameworksBuildPhase section */

/* Begin PBXGroup section */
		3EE7F47C15533E1200F589FB /* utils */ = {
			isa = PBXGroup;
			children = (
				3EE7F47E15533E5500F589FB /* Preferences.h */,
				3EE7F47F15533E5500F589FB /* Preferences.m */,
			);
			path = utils;
			sourceTree = "<group>";
		};
		BA6A05AD1532B5A30007E136 /* view */ = {
			isa = PBXGroup;
			children = (
				BA6A05AE1532B5A30007E136 /* LoginView.xib */,
				BA6A05B41532B61C0007E136 /* SignupView.xib */,
				BA19A218155027B300D7FB4C /* UITextField+Gymate.h */,
				BA19A219155027B300D7FB4C /* UITextField+Gymate.m */,
				BA79262E155230CF0098F7B2 /* TodayWorkoutView.xib */,
				BA3BD0C41552520600D8E1F0 /* GymateTableViewCell.h */,
				BA3BD0C51552520600D8E1F0 /* GymateTableViewCell.m */,
				BA3BD0C71552523900D8E1F0 /* GymateTableViewCell.xib */,
				3E76C5ED15529E3D00379C8F /* MainView.xib */,
				3EB2D30B15538FF200ADAB1C /* MeView.xib */,
			);
			path = view;
			sourceTree = "<group>";
		};
		BA6A05B01532B5BF0007E136 /* controller */ = {
			isa = PBXGroup;
			children = (
				BA6A05B11532B5BF0007E136 /* LoginViewController.h */,
				BA6A05B21532B5BF0007E136 /* LoginViewController.m */,
				BA6A05B61532B8520007E136 /* SignupViewController.h */,
				BA6A05B71532B8520007E136 /* SignupViewController.m */,
				3E1601E8154BD597001F231E /* UIViewController+Gymate.h */,
				3E1601E9154BD625001F231E /* UIViewController+Gymate.m */,
				3E1601F5154BDC16001F231E /* BaseViewController.h */,
				3E1601F6154BDC16001F231E /* BaseViewController.m */,
				BA792631155231000098F7B2 /* TodayWorkoutViewController.h */,
				BA792632155231000098F7B2 /* TodayWorkoutViewController.m */,
				3EB2D30E1553903900ADAB1C /* MeViewController.h */,
				3EB2D30F1553903900ADAB1C /* MeViewController.m */,
			);
			path = controller;
			sourceTree = "<group>";
		};
		BA6A05B91532C8380007E136 /* model */ = {
			isa = PBXGroup;
			children = (
				E076E5F748184C9D86BCED63 /* User.h */,
				E076E5F748184C9D86BCED60 /* User.m */,
				E076E5F748184C9D86BCED5C /* Profile.h */,
				E076E5F748184C9D86BCED59 /* Profile.m */,
				E076E5F748184C9D86BCED58 /* PlanWorkout.h */,
				E076E5F748184C9D86BCED55 /* PlanWorkout.m */,
				E076E5F748184C9D86BCED54 /* BaseObject.h */,
				E076E5F748184C9D86BCED51 /* BaseObject.m */,
				E076E5F748184C9D86BCED4C /* Workout.m */,
				E076E5F748184C9D86BCED4B /* Workout.h */,
				E076E5F748184C9D86BCED49 /* Plan.m */,
				E076E5F748184C9D86BCED48 /* Plan.h */,
			);
			path = model;
			sourceTree = "<group>";
		};
		BA6A0B5C1532A3260010E596 = {
			isa = PBXGroup;
			children = (
				BA6A0B711532A3260010E596 /* gymate */,
				BAF72F841538320C004469EC /* specs */,
				BA6A0B6A1532A3260010E596 /* Frameworks */,
				BA6A0B681532A3260010E596 /* Products */,
				BA758D3F154C52A3006BED63 /* Pods-test.xcconfig */,
				BA758D40154C52A4006BED63 /* Pods.xcconfig */,
			);
			sourceTree = "<group>";
		};
		BA6A0B681532A3260010E596 /* Products */ = {
			isa = PBXGroup;
			children = (
				BA6A0B671532A3260010E596 /* gymate.app */,
				BAF72F7F1538320C004469EC /* specs.octest */,
			);
			name = Products;
			sourceTree = "<group>";
		};
		BA6A0B6A1532A3260010E596 /* Frameworks */ = {
			isa = PBXGroup;
			children = (
				BA758D3D154C4B27006BED63 /* libPods-test.a */,
				BA758D3B154C4B21006BED63 /* libPods.a */,
				BA6A05A91532B5840007E136 /* Parse.framework */,
				BA6A0B9A1532B2700010E596 /* QuartzCore.framework */,
				BA6A0B981532B2340010E596 /* Security.framework */,
				BA6A0B961532B22A0010E596 /* libz.1.1.3.dylib */,
				BA6A0B941532B2110010E596 /* MobileCoreServices.framework */,
				BA6A0B921532B1F60010E596 /* SystemConfiguration.framework */,
				BA6A0B901532B1E00010E596 /* CFNetwork.framework */,
				BA6A0B8E1532B1D80010E596 /* AudioToolbox.framework */,
				BA6A0B6B1532A3260010E596 /* UIKit.framework */,
				BA6A0B6D1532A3260010E596 /* Foundation.framework */,
				BA6A0B6F1532A3260010E596 /* CoreGraphics.framework */,
			);
			name = Frameworks;
			sourceTree = "<group>";
		};
		BA6A0B711532A3260010E596 /* gymate */ = {
			isa = PBXGroup;
			children = (
				3EE7F47C15533E1200F589FB /* utils */,
				BA79260A15515B940098F7B2 /* vendor */,
				BAE43363153C3D4D0076B12E /* resources */,
				BA6A05B91532C8380007E136 /* model */,
				BA6A05B01532B5BF0007E136 /* controller */,
				BA6A05AD1532B5A30007E136 /* view */,
				BA6A0B7A1532A3260010E596 /* AppDelegate.h */,
				BA6A0B7B1532A3260010E596 /* AppDelegate.m */,
				BA6A0B721532A3260010E596 /* Supporting Files */,
				3E1601FB154C04AC001F231E /* NSString+Gymate.h */,
				3E1601FC154C04AC001F231E /* NSString+Gymate.m */,
			);
			path = gymate;
			sourceTree = "<group>";
		};
		BA6A0B721532A3260010E596 /* Supporting Files */ = {
			isa = PBXGroup;
			children = (
				BA6A0B731532A3260010E596 /* gymate-Info.plist */,
				BA6A0B741532A3260010E596 /* InfoPlist.strings */,
				BA6A0B771532A3260010E596 /* main.m */,
				BA6A0B791532A3260010E596 /* gymate-Prefix.pch */,
			);
			name = "Supporting Files";
			sourceTree = "<group>";
		};
		BA79260A15515B940098F7B2 /* vendor */ = {
			isa = PBXGroup;
			children = (
				BA79260B15515B940098F7B2 /* SVSegmentedControl */,
			);
			path = vendor;
			sourceTree = "<group>";
		};
		BA79260B15515B940098F7B2 /* SVSegmentedControl */ = {
			isa = PBXGroup;
			children = (
				BA79260C15515B940098F7B2 /* SVSegmentedControl.h */,
				BA79260D15515B940098F7B2 /* SVSegmentedControl.m */,
				BA79260E15515B940098F7B2 /* SVSegmentedThumb.h */,
				BA79260F15515B940098F7B2 /* SVSegmentedThumb.m */,
			);
			path = SVSegmentedControl;
			sourceTree = "<group>";
		};
		BABAA3D7154ECA6C00ABC508 /* images */ = {
			isa = PBXGroup;
			children = (
				BAA0F80E155805ED00A73DAA /* Avatar.png */,
				BAA0F80F155805ED00A73DAA /* Avatar@2x.png */,
				BAA0F810155805ED00A73DAA /* ButtonOrange.png */,
				BAA0F811155805ED00A73DAA /* ButtonOrange@2x.png */,
				BAA0F812155805ED00A73DAA /* SettingsIcon.png */,
				BAA0F813155805ED00A73DAA /* SettingsIcon@2x.png */,
				BAA0F814155805ED00A73DAA /* WhiteBoxBG.png */,
				BAA0F815155805ED00A73DAA /* WhiteBoxBG@2x.png */,
				BA3BD0C91552555900D8E1F0 /* RepeatIcon.png */,
				BA3BD0CA1552555900D8E1F0 /* RepeatIcon@2x.png */,
				BA3BD0CB1552555900D8E1F0 /* SetIcon.png */,
				BA3BD0CC1552555900D8E1F0 /* SetIcon@2x.png */,
				BA3BD0CD1552555900D8E1F0 /* WeightIcon.png */,
				BA3BD0CE1552555900D8E1F0 /* WeightIcon@2x.png */,
				BA3BD0B31552385400D8E1F0 /* DateTag.png */,
				BA3BD0B41552385400D8E1F0 /* DateTag@2x.png */,
				BA19A2131550244300D7FB4C /* LeftTextfieldBG.png */,
				BA19A2051550242000D7FB4C /* LeftTextfieldBG@2x.png */,
				BA19A2061550242000D7FB4C /* RightTextfieldBG.png */,
				BA19A2071550242000D7FB4C /* RightTextfieldBG@2x.png */,
				BA19A2081550242000D7FB4C /* ShortLeftTextfieldBG.png */,
				BA19A2091550242000D7FB4C /* ShortLeftTextfieldBG@2x.png */,
				BA19A20A1550242000D7FB4C /* ShortRightTextfieldBG.png */,
				BA19A20B1550242000D7FB4C /* ShortRightTextfieldBG@2x.png */,
				BA19A1FD15500A5500D7FB4C /* BG.png */,
				BA19A1FE15500A5500D7FB4C /* BG@2x.png */,
				BA19A1F0155004F200D7FB4C /* TopTextfieldBG.png */,
				BA19A1F1155004F200D7FB4C /* TopTextfieldBG@2x.png */,
				BA19A1F2155004F200D7FB4C /* DownTextfieldBG.png */,
				BA19A1F3155004F200D7FB4C /* DownTextfieldBG@2x.png */,
				BA19A1F4155004F200D7FB4C /* UpTriangle.png */,
				BA19A1F5155004F200D7FB4C /* UpTriangle@2x.png */,
				BABAA3E8154ED1EF00ABC508 /* AppIcon.png */,
				BABAA3E4154ECAC200ABC508 /* LoginButton.png */,
				BABAA3E5154ECAC200ABC508 /* Logo.png */,
				BABAA3E2154ECA9F00ABC508 /* NewHereButton.png */,
				BABAA3D8154ECA6C00ABC508 /* LoginBG.png */,
				BABAA3D9154ECA6C00ABC508 /* LoginBG@2x.png */,
				BABAA3DA154ECA6C00ABC508 /* LoginButton@2x.png */,
				BABAA3DB154ECA6C00ABC508 /* Logo@2x.png */,
				BABAA3DC154ECA6C00ABC508 /* NewHereButton@2x.png */,
			);
			path = images;
			sourceTree = "<group>";
		};
		BAE43363153C3D4D0076B12E /* resources */ = {
			isa = PBXGroup;
			children = (
				BABAA3D7154ECA6C00ABC508 /* images */,
			);
			path = resources;
			sourceTree = "<group>";
		};
		BAE5504D153851B0007421DE /* fixtures */ = {
			isa = PBXGroup;
			children = (
				E076E5F748184C9D86BCED6B /* ProfileFixture.h */,
				E076E5F748184C9D86BCED68 /* ProfileFixture.m */,
				E076E5F748184C9D86BCED67 /* BaseFixture.h */,
				E076E5F748184C9D86BCED64 /* BaseFixture.m */,
				BAE5504E153851B0007421DE /* Fixture.h */,
				BAE5504F153851B0007421DE /* Fixture.m */,
				BAE55051153851BE007421DE /* UserFixture.h */,
				BAE55052153851BE007421DE /* UserFixture.m */,
			);
			path = fixtures;
			sourceTree = "<group>";
		};
		BAF72F841538320C004469EC /* specs */ = {
			isa = PBXGroup;
			children = (
				E076E5F748184C9D86BCED4F /* PlanSpec.m */,
				E076E5F748184C9D86BCED4E /* PlanSpec.h */,
				BAE5504D153851B0007421DE /* fixtures */,
				BAF72F851538320C004469EC /* Supporting Files */,
				BA6A6CD71538363C00ED9261 /* UserSpec.h */,
				BA6A6CD81538363C00ED9261 /* UserSpec.m */,
				3E1601F8154C022F001F231E /* NSStringGymateSpec.h */,
				3E1601F9154C022F001F231E /* NSStringGymateSpec.m */,
				3ECBE12A155360BF00B7BD50 /* PreferencesSpec.h */,
				3ECBE12B155360BF00B7BD50 /* PreferencesSpec.m */,
			);
			path = specs;
			sourceTree = "<group>";
		};
		BAF72F851538320C004469EC /* Supporting Files */ = {
			isa = PBXGroup;
			children = (
				BAF72F861538320C004469EC /* specs-Info.plist */,
				BAF72F871538320C004469EC /* InfoPlist.strings */,
				BAF72F8D1538320C004469EC /* specs-Prefix.pch */,
			);
			name = "Supporting Files";
			sourceTree = "<group>";
		};
/* End PBXGroup section */

/* Begin PBXNativeTarget section */
		BA6A0B661532A3260010E596 /* gymate */ = {
			isa = PBXNativeTarget;
			buildConfigurationList = BA6A0B7F1532A3260010E596 /* Build configuration list for PBXNativeTarget "gymate" */;
			buildPhases = (
				BA6A0B631532A3260010E596 /* Sources */,
				BA6A0B641532A3260010E596 /* Frameworks */,
				BA6A0B651532A3260010E596 /* Resources */,
				E076E5F748184C9D86BCED47 /* Copy Pods Resources */,
			);
			buildRules = (
			);
			dependencies = (
			);
			name = gymate;
			productName = gymate;
			productReference = BA6A0B671532A3260010E596 /* gymate.app */;
			productType = "com.apple.product-type.application";
		};
		BAF72F7E1538320C004469EC /* specs */ = {
			isa = PBXNativeTarget;
			buildConfigurationList = BAF72F8E1538320C004469EC /* Build configuration list for PBXNativeTarget "specs" */;
			buildPhases = (
				BAF72F7A1538320C004469EC /* Sources */,
				BAF72F7B1538320C004469EC /* Frameworks */,
				BAF72F7C1538320C004469EC /* Resources */,
				BA6A6CD41538333E00ED9261 /* Copy Pods Test Resources */,
				BAF72F7D1538320C004469EC /* ShellScript */,
			);
			buildRules = (
			);
			dependencies = (
			);
			name = specs;
			productName = specs;
			productReference = BAF72F7F1538320C004469EC /* specs.octest */;
			productType = "com.apple.product-type.bundle";
		};
/* End PBXNativeTarget section */

/* Begin PBXProject section */
		BA6A0B5E1532A3260010E596 /* Project object */ = {
			isa = PBXProject;
			attributes = {
				LastUpgradeCheck = 0430;
			};
			buildConfigurationList = BA6A0B611532A3260010E596 /* Build configuration list for PBXProject "gymate" */;
			compatibilityVersion = "Xcode 3.2";
			developmentRegion = English;
			hasScannedForEncodings = 0;
			knownRegions = (
				en,
			);
			mainGroup = BA6A0B5C1532A3260010E596;
			productRefGroup = BA6A0B681532A3260010E596 /* Products */;
			projectDirPath = "";
			projectRoot = "";
			targets = (
				BA6A0B661532A3260010E596 /* gymate */,
				BAF72F7E1538320C004469EC /* specs */,
			);
		};
/* End PBXProject section */

/* Begin PBXResourcesBuildPhase section */
		BA6A0B651532A3260010E596 /* Resources */ = {
			isa = PBXResourcesBuildPhase;
			buildActionMask = 2147483647;
			files = (
				BA6A0B761532A3260010E596 /* InfoPlist.strings in Resources */,
				BA6A05AF1532B5A30007E136 /* LoginView.xib in Resources */,
				BA6A05B51532B61C0007E136 /* SignupView.xib in Resources */,
				BABAA3DD154ECA6C00ABC508 /* LoginBG.png in Resources */,
				BABAA3DE154ECA6C00ABC508 /* LoginBG@2x.png in Resources */,
				BABAA3DF154ECA6C00ABC508 /* LoginButton@2x.png in Resources */,
				BABAA3E0154ECA6C00ABC508 /* Logo@2x.png in Resources */,
				BABAA3E1154ECA6C00ABC508 /* NewHereButton@2x.png in Resources */,
				BABAA3E3154ECA9F00ABC508 /* NewHereButton.png in Resources */,
				BABAA3E6154ECAC200ABC508 /* LoginButton.png in Resources */,
				BABAA3E7154ECAC200ABC508 /* Logo.png in Resources */,
				BABAA3E9154ED1EF00ABC508 /* AppIcon.png in Resources */,
				BA19A1F6155004F200D7FB4C /* TopTextfieldBG.png in Resources */,
				BA19A1F7155004F200D7FB4C /* TopTextfieldBG@2x.png in Resources */,
				BA19A1F8155004F200D7FB4C /* DownTextfieldBG.png in Resources */,
				BA19A1F9155004F200D7FB4C /* DownTextfieldBG@2x.png in Resources */,
				BA19A1FA155004F200D7FB4C /* UpTriangle.png in Resources */,
				BA19A1FB155004F200D7FB4C /* UpTriangle@2x.png in Resources */,
				BA19A1FF15500A5500D7FB4C /* BG.png in Resources */,
				BA19A20015500A5500D7FB4C /* BG@2x.png in Resources */,
				BA19A20C1550242100D7FB4C /* LeftTextfieldBG@2x.png in Resources */,
				BA19A20D1550242100D7FB4C /* RightTextfieldBG.png in Resources */,
				BA19A20E1550242100D7FB4C /* RightTextfieldBG@2x.png in Resources */,
				BA19A20F1550242100D7FB4C /* ShortLeftTextfieldBG.png in Resources */,
				BA19A2101550242100D7FB4C /* ShortLeftTextfieldBG@2x.png in Resources */,
				BA19A2111550242100D7FB4C /* ShortRightTextfieldBG.png in Resources */,
				BA19A2121550242100D7FB4C /* ShortRightTextfieldBG@2x.png in Resources */,
				BA19A2141550244300D7FB4C /* LeftTextfieldBG.png in Resources */,
				BA79262F155230CF0098F7B2 /* TodayWorkoutView.xib in Resources */,
				BA3BD0B51552385400D8E1F0 /* DateTag.png in Resources */,
				BA3BD0B61552385400D8E1F0 /* DateTag@2x.png in Resources */,
				BA3BD0C81552523900D8E1F0 /* GymateTableViewCell.xib in Resources */,
				BA3BD0CF1552555900D8E1F0 /* RepeatIcon.png in Resources */,
				BA3BD0D01552555900D8E1F0 /* RepeatIcon@2x.png in Resources */,
				BA3BD0D11552555900D8E1F0 /* SetIcon.png in Resources */,
				BA3BD0D21552555900D8E1F0 /* SetIcon@2x.png in Resources */,
				BA3BD0D31552555900D8E1F0 /* WeightIcon.png in Resources */,
				BA3BD0D41552555900D8E1F0 /* WeightIcon@2x.png in Resources */,
				3E76C5EE15529E3D00379C8F /* MainView.xib in Resources */,
				3EB2D30C15538FF200ADAB1C /* MeView.xib in Resources */,
				BAA0F816155805ED00A73DAA /* Avatar.png in Resources */,
				BAA0F817155805ED00A73DAA /* Avatar@2x.png in Resources */,
				BAA0F818155805ED00A73DAA /* ButtonOrange.png in Resources */,
				BAA0F819155805ED00A73DAA /* ButtonOrange@2x.png in Resources */,
				BAA0F81A155805ED00A73DAA /* SettingsIcon.png in Resources */,
				BAA0F81B155805ED00A73DAA /* SettingsIcon@2x.png in Resources */,
				BAA0F81C155805ED00A73DAA /* WhiteBoxBG.png in Resources */,
				BAA0F81D155805ED00A73DAA /* WhiteBoxBG@2x.png in Resources */,
			);
			runOnlyForDeploymentPostprocessing = 0;
		};
		BAF72F7C1538320C004469EC /* Resources */ = {
			isa = PBXResourcesBuildPhase;
			buildActionMask = 2147483647;
			files = (
				BAF72F891538320C004469EC /* InfoPlist.strings in Resources */,
			);
			runOnlyForDeploymentPostprocessing = 0;
		};
/* End PBXResourcesBuildPhase section */

/* Begin PBXShellScriptBuildPhase section */
		BA6A6CD41538333E00ED9261 /* Copy Pods Test Resources */ = {
			isa = PBXShellScriptBuildPhase;
			buildActionMask = 2147483647;
			files = (
			);
			inputPaths = (
			);
			name = "Copy Pods Test Resources";
			outputPaths = (
			);
			runOnlyForDeploymentPostprocessing = 0;
			shellPath = /bin/sh;
			shellScript = "\"${SRCROOT}/Pods/Pods-test-resources.sh\"";
		};
		BAF72F7D1538320C004469EC /* ShellScript */ = {
			isa = PBXShellScriptBuildPhase;
			buildActionMask = 2147483647;
			files = (
			);
			inputPaths = (
			);
			outputPaths = (
			);
			runOnlyForDeploymentPostprocessing = 0;
			shellPath = /bin/sh;
			shellScript = "# Run the unit tests in this test bundle.\n\"${SYSTEM_DEVELOPER_DIR}/Tools/RunUnitTests\"\n";
		};
		E076E5F748184C9D86BCED47 /* Copy Pods Resources */ = {
			isa = PBXShellScriptBuildPhase;
			buildActionMask = 2147483647;
			files = (
			);
			inputPaths = (
			);
			name = "Copy Pods Resources";
			outputPaths = (
			);
			runOnlyForDeploymentPostprocessing = 0;
			shellPath = /bin/sh;
			shellScript = "\"${SRCROOT}/Pods/Pods-resources.sh\"\n";
		};
/* End PBXShellScriptBuildPhase section */

/* Begin PBXSourcesBuildPhase section */
		BA6A0B631532A3260010E596 /* Sources */ = {
			isa = PBXSourcesBuildPhase;
			buildActionMask = 2147483647;
			files = (
				BA6A0B781532A3260010E596 /* main.m in Sources */,
				BA6A0B7C1532A3260010E596 /* AppDelegate.m in Sources */,
				BA6A05B31532B5BF0007E136 /* LoginViewController.m in Sources */,
				BA6A05B81532B8520007E136 /* SignupViewController.m in Sources */,
				BA6A05BC1532C84D0007E136 /* (null) in Sources */,
				3E1601EA154BD625001F231E /* UIViewController+Gymate.m in Sources */,
				3E1601F7154BDC16001F231E /* BaseViewController.m in Sources */,
				3E1601FD154C04AC001F231E /* NSString+Gymate.m in Sources */,
				BA19A21A155027B300D7FB4C /* UITextField+Gymate.m in Sources */,
				BA79261015515B940098F7B2 /* SVSegmentedControl.m in Sources */,
				BA79261115515B940098F7B2 /* SVSegmentedThumb.m in Sources */,
				BA792633155231000098F7B2 /* TodayWorkoutViewController.m in Sources */,
				BA3BD0C61552520600D8E1F0 /* GymateTableViewCell.m in Sources */,
				3EE7F48015533E5500F589FB /* Preferences.m in Sources */,
				3EB2D3101553903900ADAB1C /* MeViewController.m in Sources */,
				E076E5F748184C9D86BCED4A /* Plan.m in Sources */,
				E076E5F748184C9D86BCED4D /* Workout.m in Sources */,
				E076E5F748184C9D86BCED52 /* BaseObject.m in Sources */,
				E076E5F748184C9D86BCED56 /* PlanWorkout.m in Sources */,
				E076E5F748184C9D86BCED5A /* Profile.m in Sources */,
				E076E5F748184C9D86BCED5E /* (null) in Sources */,
				E076E5F748184C9D86BCED61 /* User.m in Sources */,
				E076E5F748184C9D86BCED65 /* BaseFixture.m in Sources */,
				E076E5F748184C9D86BCED69 /* ProfileFixture.m in Sources */,
				E076E5F748184C9D86BCED6D /* SecurityHelper.m in Sources */,
			);
			runOnlyForDeploymentPostprocessing = 0;
		};
		BAF72F7A1538320C004469EC /* Sources */ = {
			isa = PBXSourcesBuildPhase;
			buildActionMask = 2147483647;
			files = (
				BA6A6CD91538363C00ED9261 /* UserSpec.m in Sources */,
				BAE5503C15383D85007421DE /* (null) in Sources */,
				BAE55050153851B0007421DE /* Fixture.m in Sources */,
				BAE55053153851BE007421DE /* UserFixture.m in Sources */,
				3E1601FA154C022F001F231E /* NSStringGymateSpec.m in Sources */,
				3E1601FE154C04AC001F231E /* NSString+Gymate.m in Sources */,
				3ECBE12C155360BF00B7BD50 /* PreferencesSpec.m in Sources */,
				3ECBE12E1553644000B7BD50 /* Preferences.m in Sources */,
				3EE9CA091555420100C4CE43 /* Plan.m in Sources */,
				3EE9CA0B1555422E00C4CE43 /* PlanSpec.m in Sources */,
				E076E5F748184C9D86BCED53 /* BaseObject.m in Sources */,
				3EE9CA1015554F9700C4CE43 /* Workout.m in Sources */,
				E076E5F748184C9D86BCED57 /* PlanWorkout.m in Sources */,
				E076E5F748184C9D86BCED5B /* Profile.m in Sources */,
				E076E5F748184C9D86BCED62 /* User.m in Sources */,
				E076E5F748184C9D86BCED66 /* BaseFixture.m in Sources */,
				E076E5F748184C9D86BCED6A /* ProfileFixture.m in Sources */,
				E076E5F748184C9D86BCED6E /* SecurityHelper.m in Sources */,
			);
			runOnlyForDeploymentPostprocessing = 0;
		};
/* End PBXSourcesBuildPhase section */

/* Begin PBXVariantGroup section */
		BA6A0B741532A3260010E596 /* InfoPlist.strings */ = {
			isa = PBXVariantGroup;
			children = (
				BA6A0B751532A3260010E596 /* en */,
			);
			name = InfoPlist.strings;
			sourceTree = "<group>";
		};
		BAF72F871538320C004469EC /* InfoPlist.strings */ = {
			isa = PBXVariantGroup;
			children = (
				BAF72F881538320C004469EC /* en */,
			);
			name = InfoPlist.strings;
			sourceTree = "<group>";
		};
/* End PBXVariantGroup section */

/* Begin XCBuildConfiguration section */
		BA6A0B7D1532A3260010E596 /* Debug */ = {
			isa = XCBuildConfiguration;
			buildSettings = {
				ALWAYS_SEARCH_USER_PATHS = NO;
				ARCHS = "$(ARCHS_STANDARD_32_BIT)";
				"CODE_SIGN_IDENTITY[sdk=iphoneos*]" = "iPhone Developer";
				COPY_PHASE_STRIP = NO;
				GCC_C_LANGUAGE_STANDARD = gnu99;
				GCC_DYNAMIC_NO_PIC = NO;
				GCC_OPTIMIZATION_LEVEL = 0;
				GCC_PREPROCESSOR_DEFINITIONS = (
					"DEBUG=1",
					"$(inherited)",
				);
				GCC_SYMBOLS_PRIVATE_EXTERN = NO;
				GCC_VERSION = com.apple.compilers.llvm.clang.1_0;
				GCC_WARN_ABOUT_MISSING_PROTOTYPES = YES;
				GCC_WARN_ABOUT_RETURN_TYPE = YES;
				GCC_WARN_UNUSED_VARIABLE = YES;
				IPHONEOS_DEPLOYMENT_TARGET = 5.0;
				SDKROOT = iphoneos;
			};
			name = Debug;
		};
		BA6A0B7E1532A3260010E596 /* Release */ = {
			isa = XCBuildConfiguration;
			buildSettings = {
				ALWAYS_SEARCH_USER_PATHS = NO;
				ARCHS = "$(ARCHS_STANDARD_32_BIT)";
				"CODE_SIGN_IDENTITY[sdk=iphoneos*]" = "iPhone Developer";
				COPY_PHASE_STRIP = YES;
				GCC_C_LANGUAGE_STANDARD = gnu99;
				GCC_VERSION = com.apple.compilers.llvm.clang.1_0;
				GCC_WARN_ABOUT_MISSING_PROTOTYPES = YES;
				GCC_WARN_ABOUT_RETURN_TYPE = YES;
				GCC_WARN_UNUSED_VARIABLE = YES;
				IPHONEOS_DEPLOYMENT_TARGET = 5.0;
				OTHER_CFLAGS = "-DNS_BLOCK_ASSERTIONS=1";
				SDKROOT = iphoneos;
				VALIDATE_PRODUCT = YES;
			};
			name = Release;
		};
		BA6A0B801532A3260010E596 /* Debug */ = {
			isa = XCBuildConfiguration;
			baseConfigurationReference = BA758D40154C52A4006BED63 /* Pods.xcconfig */;
			buildSettings = {
				DSTROOT = /tmp/xcodeproj.dst;
				FRAMEWORK_SEARCH_PATHS = (
					"$(inherited)",
					"\"$(SRCROOT)\"",
					"\"$(SRCROOT)/gymate/lib\"",
				);
				GCC_PRECOMPILE_PREFIX_HEADER = YES;
				GCC_PREFIX_HEADER = "gymate/gymate-Prefix.pch";
				GCC_VERSION = com.apple.compilers.llvm.clang.1_0;
				INFOPLIST_FILE = "gymate/gymate-Info.plist";
				OTHER_LDFLAGS = (
					"-ObjC",
					"-all_load",
					"-framework",
					Foundation,
					"-framework",
					CoreGraphics,
				);
				PRODUCT_NAME = "$(TARGET_NAME)";
				SKIP_INSTALL = YES;
				STRIP_STYLE = all;
				WRAPPER_EXTENSION = app;
			};
			name = Debug;
		};
		BA6A0B811532A3260010E596 /* Release */ = {
			isa = XCBuildConfiguration;
			baseConfigurationReference = BA758D40154C52A4006BED63 /* Pods.xcconfig */;
			buildSettings = {
				DSTROOT = /tmp/xcodeproj.dst;
				FRAMEWORK_SEARCH_PATHS = (
					"$(inherited)",
					"\"$(SRCROOT)\"",
					"\"$(SRCROOT)/gymate/lib\"",
				);
				GCC_PRECOMPILE_PREFIX_HEADER = YES;
				GCC_PREFIX_HEADER = "gymate/gymate-Prefix.pch";
				GCC_VERSION = com.apple.compilers.llvm.clang.1_0;
				INFOPLIST_FILE = "gymate/gymate-Info.plist";
				OTHER_LDFLAGS = (
					"-ObjC",
					"-all_load",
					"-framework",
					Foundation,
					"-framework",
					CoreGraphics,
				);
				PRODUCT_NAME = "$(TARGET_NAME)";
				SKIP_INSTALL = YES;
				STRIP_STYLE = all;
				WRAPPER_EXTENSION = app;
			};
			name = Release;
		};
		BAF72F8F1538320C004469EC /* Debug */ = {
			isa = XCBuildConfiguration;
			baseConfigurationReference = BA758D3F154C52A3006BED63 /* Pods-test.xcconfig */;
			buildSettings = {
				FRAMEWORK_SEARCH_PATHS = (
					"$(SDKROOT)/Developer/Library/Frameworks",
					"$(DEVELOPER_LIBRARY_DIR)/Frameworks",
					"\"$(SRCROOT)/gymate/lib\"",
				);
				GCC_PRECOMPILE_PREFIX_HEADER = YES;
				GCC_PREFIX_HEADER = "specs/specs-Prefix.pch";
				GCC_WARN_UNINITIALIZED_AUTOS = YES;
				INFOPLIST_FILE = "specs/specs-Info.plist";
				IPHONEOS_DEPLOYMENT_TARGET = 5.1;
				OTHER_LDFLAGS = (
					"-ObjC",
					"-all_load",
					"-framework",
					Foundation,
					"-framework",
					SenTestingKit,
					"-framework",
					CoreGraphics,
				);
				PRODUCT_NAME = "$(TARGET_NAME)";
				WRAPPER_EXTENSION = octest;
			};
			name = Debug;
		};
		BAF72F901538320C004469EC /* Release */ = {
			isa = XCBuildConfiguration;
			baseConfigurationReference = BA758D3F154C52A3006BED63 /* Pods-test.xcconfig */;
			buildSettings = {
				FRAMEWORK_SEARCH_PATHS = (
					"$(SDKROOT)/Developer/Library/Frameworks",
					"$(DEVELOPER_LIBRARY_DIR)/Frameworks",
					"\"$(SRCROOT)/gymate/lib\"",
				);
				GCC_PRECOMPILE_PREFIX_HEADER = YES;
				GCC_PREFIX_HEADER = "specs/specs-Prefix.pch";
				GCC_WARN_UNINITIALIZED_AUTOS = YES;
				INFOPLIST_FILE = "specs/specs-Info.plist";
				IPHONEOS_DEPLOYMENT_TARGET = 5.1;
				OTHER_LDFLAGS = (
					"-ObjC",
					"-all_load",
					"-framework",
					Foundation,
					"-framework",
					SenTestingKit,
					"-framework",
					CoreGraphics,
				);
				PRODUCT_NAME = "$(TARGET_NAME)";
				WRAPPER_EXTENSION = octest;
			};
			name = Release;
		};
/* End XCBuildConfiguration section */

/* Begin XCConfigurationList section */
		BA6A0B611532A3260010E596 /* Build configuration list for PBXProject "gymate" */ = {
			isa = XCConfigurationList;
			buildConfigurations = (
				BA6A0B7D1532A3260010E596 /* Debug */,
				BA6A0B7E1532A3260010E596 /* Release */,
			);
			defaultConfigurationIsVisible = 0;
			defaultConfigurationName = Release;
		};
		BA6A0B7F1532A3260010E596 /* Build configuration list for PBXNativeTarget "gymate" */ = {
			isa = XCConfigurationList;
			buildConfigurations = (
				BA6A0B801532A3260010E596 /* Debug */,
				BA6A0B811532A3260010E596 /* Release */,
			);
			defaultConfigurationIsVisible = 0;
			defaultConfigurationName = Release;
		};
		BAF72F8E1538320C004469EC /* Build configuration list for PBXNativeTarget "specs" */ = {
			isa = XCConfigurationList;
			buildConfigurations = (
				BAF72F8F1538320C004469EC /* Debug */,
				BAF72F901538320C004469EC /* Release */,
			);
			defaultConfigurationIsVisible = 0;
			defaultConfigurationName = Release;
		};
/* End XCConfigurationList section */
	};
	rootObject = BA6A0B5E1532A3260010E596 /* Project object */;
}
